PODS:
  - ffmpeg-kit-macos-full (4.5.1)

DEPENDENCIES:
  - ffmpeg-kit-macos-full (~> 4.5.1)

SPEC REPOS:
  trunk:
    - ffmpeg-kit-macos-full

SPEC CHECKSUMS:
  ffmpeg-kit-macos-full: 8bf0ab8d570a487f9da07d564f6e49bd6f008bac

PODFILE CHECKSUM: f2b64bf941b0329081ff0783bc00b1798be40a4a

COCOAPODS: 1.11.3
