// !$*UTF8*$!
{
	archiveVersion = 1;
	classes = {
	};
	objectVersion = 55;
	objects = {

/* Begin PBXBuildFile section */
		7908E48728AAAFB500B02512 /* Conversion.swift in Sources */ = {isa = PBXBuildFile; fileRef = 7908E48628AAAFB500B02512 /* Conversion.swift */; };
		7948AA6228CF9916003DB5E2 /* Configuration.swift in Sources */ = {isa = PBXBuildFile; fileRef = 7948AA6128CF9916003DB5E2 /* Configuration.swift */; };
		794AA2CA28C2D61900AADF36 /* ChannelLayout.swift in Sources */ = {isa = PBXBuildFile; fileRef = 794AA2C928C2D61900AADF36 /* ChannelLayout.swift */; };
		794BE83428B3D0030074E40C /* VideoCodec.swift in Sources */ = {isa = PBXBuildFile; fileRef = 794BE83328B3D0030074E40C /* VideoCodec.swift */; };
		7958C6BA291C319E00D4621A /* URL+Extensions.swift in Sources */ = {isa = PBXBuildFile; fileRef = 7958C6B9291C319E00D4621A /* URL+Extensions.swift */; };
		7978DA6B28BAE30400BC254B /* Constants.swift in Sources */ = {isa = PBXBuildFile; fileRef = 7978DA6A28BAE30400BC254B /* Constants.swift */; };
		799E3E5428C0479500234BDE /* AudioCodec.swift in Sources */ = {isa = PBXBuildFile; fileRef = 799E3E5328C0479500234BDE /* AudioCodec.swift */; };
		79AF2A7E28D5FDF6009CCB42 /* SubtitleCodec.swift in Sources */ = {isa = PBXBuildFile; fileRef = 79AF2A7D28D5FDF6009CCB42 /* SubtitleCodec.swift */; };
		79AF2A8228D60C26009CCB42 /* Video.swift in Sources */ = {isa = PBXBuildFile; fileRef = 79AF2A8128D60C26009CCB42 /* Video.swift */; };
		79CD2F2328ECBF2B005F34F0 /* Logger.swift in Sources */ = {isa = PBXBuildFile; fileRef = 79CD2F2228ECBF2B005F34F0 /* Logger.swift */; };
		79D352A128FDDDE000F8CD39 /* ffmpegkit.xcframework in Frameworks */ = {isa = PBXBuildFile; fileRef = 79D3529828FDDD4600F8CD39 /* ffmpegkit.xcframework */; };
		79D352A228FDDDE000F8CD39 /* ffmpegkit.xcframework in Embed Frameworks */ = {isa = PBXBuildFile; fileRef = 79D3529828FDDD4600F8CD39 /* ffmpegkit.xcframework */; settings = {ATTRIBUTES = (CodeSignOnCopy, RemoveHeadersOnCopy, ); }; };
		79D352A328FDDDE100F8CD39 /* libavcodec.xcframework in Frameworks */ = {isa = PBXBuildFile; fileRef = 79D3529728FDDD4600F8CD39 /* libavcodec.xcframework */; };
		79D352A428FDDDE100F8CD39 /* libavcodec.xcframework in Embed Frameworks */ = {isa = PBXBuildFile; fileRef = 79D3529728FDDD4600F8CD39 /* libavcodec.xcframework */; settings = {ATTRIBUTES = (CodeSignOnCopy, RemoveHeadersOnCopy, ); }; };
		79D352A528FDDDE300F8CD39 /* libavdevice.xcframework in Frameworks */ = {isa = PBXBuildFile; fileRef = 79D3529528FDDD4500F8CD39 /* libavdevice.xcframework */; };
		79D352A628FDDDE300F8CD39 /* libavdevice.xcframework in Embed Frameworks */ = {isa = PBXBuildFile; fileRef = 79D3529528FDDD4500F8CD39 /* libavdevice.xcframework */; settings = {ATTRIBUTES = (CodeSignOnCopy, RemoveHeadersOnCopy, ); }; };
		79D352A728FDDDE400F8CD39 /* libavfilter.xcframework in Frameworks */ = {isa = PBXBuildFile; fileRef = 79D3529228FDDD4500F8CD39 /* libavfilter.xcframework */; };
		79D352A828FDDDE400F8CD39 /* libavfilter.xcframework in Embed Frameworks */ = {isa = PBXBuildFile; fileRef = 79D3529228FDDD4500F8CD39 /* libavfilter.xcframework */; settings = {ATTRIBUTES = (CodeSignOnCopy, RemoveHeadersOnCopy, ); }; };
		79D352A928FDDDE500F8CD39 /* libavformat.xcframework in Frameworks */ = {isa = PBXBuildFile; fileRef = 79D3529628FDDD4600F8CD39 /* libavformat.xcframework */; };
		79D352AA28FDDDE500F8CD39 /* libavformat.xcframework in Embed Frameworks */ = {isa = PBXBuildFile; fileRef = 79D3529628FDDD4600F8CD39 /* libavformat.xcframework */; settings = {ATTRIBUTES = (CodeSignOnCopy, RemoveHeadersOnCopy, ); }; };
		79D352AB28FDDDE600F8CD39 /* libavutil.xcframework in Frameworks */ = {isa = PBXBuildFile; fileRef = 79D3529328FDDD4500F8CD39 /* libavutil.xcframework */; };
		79D352AC28FDDDE600F8CD39 /* libavutil.xcframework in Embed Frameworks */ = {isa = PBXBuildFile; fileRef = 79D3529328FDDD4500F8CD39 /* libavutil.xcframework */; settings = {ATTRIBUTES = (CodeSignOnCopy, RemoveHeadersOnCopy, ); }; };
		79D352AD28FDDDE700F8CD39 /* libswresample.xcframework in Frameworks */ = {isa = PBXBuildFile; fileRef = 79D3529128FDDD4500F8CD39 /* libswresample.xcframework */; };
		79D352AE28FDDDE800F8CD39 /* libswresample.xcframework in Embed Frameworks */ = {isa = PBXBuildFile; fileRef = 79D3529128FDDD4500F8CD39 /* libswresample.xcframework */; settings = {ATTRIBUTES = (CodeSignOnCopy, RemoveHeadersOnCopy, ); }; };
		79D352AF28FDDDE900F8CD39 /* libswscale.xcframework in Frameworks */ = {isa = PBXBuildFile; fileRef = 79D3529428FDDD4500F8CD39 /* libswscale.xcframework */; };
		79D352B028FDDDE900F8CD39 /* libswscale.xcframework in Embed Frameworks */ = {isa = PBXBuildFile; fileRef = 79D3529428FDDD4500F8CD39 /* libswscale.xcframework */; settings = {ATTRIBUTES = (CodeSignOnCopy, RemoveHeadersOnCopy, ); }; };
		79D95A8B28E8C3660023BECE /* API.swift in Sources */ = {isa = PBXBuildFile; fileRef = 79D95A8A28E8C3660023BECE /* API.swift */; };
		79F0029C28EF46D400AD93BB /* Date.swift in Sources */ = {isa = PBXBuildFile; fileRef = 79F0029B28EF46D400AD93BB /* Date.swift */; };
		C205DB1C2908358C00A1C6F8 /* WindowController.swift in Sources */ = {isa = PBXBuildFile; fileRef = C205DB1B2908358C00A1C6F8 /* WindowController.swift */; };
		C205DB1F290836AA00A1C6F8 /* ResizeViewHandler.swift in Sources */ = {isa = PBXBuildFile; fileRef = C205DB1E290836AA00A1C6F8 /* ResizeViewHandler.swift */; };
		C21CC16C28EC920700176A98 /* MessageDidSend.swift in Sources */ = {isa = PBXBuildFile; fileRef = C21CC16B28EC920700176A98 /* MessageDidSend.swift */; };
		C22287A528F498F400137473 /* String+Extensions.swift in Sources */ = {isa = PBXBuildFile; fileRef = C22287A428F498F400137473 /* String+Extensions.swift */; };
		C22A4EF328F47AFD0050D739 /* AppMenu+Global.swift in Sources */ = {isa = PBXBuildFile; fileRef = C22A4EF228F47AFD0050D739 /* AppMenu+Global.swift */; };
		C22A4EF528F47FB60050D739 /* AppMenu+Debug.swift in Sources */ = {isa = PBXBuildFile; fileRef = C22A4EF428F47FB60050D739 /* AppMenu+Debug.swift */; };
		C2404C872915903F00CD9430 /* ViewController+Purchase.swift in Sources */ = {isa = PBXBuildFile; fileRef = C2404C862915903F00CD9430 /* ViewController+Purchase.swift */; };
		C24745C928BD883C007E128B /* SupportedFormatsViewController.swift in Sources */ = {isa = PBXBuildFile; fileRef = C24745C828BD883C007E128B /* SupportedFormatsViewController.swift */; };
		C24FE4582964E21A00928BAD /* Reachability.swift in Sources */ = {isa = PBXBuildFile; fileRef = C24FE4572964E21A00928BAD /* Reachability.swift */; };
		C24FE45A2964E88000928BAD /* UserDefaults+Extensions.swift in Sources */ = {isa = PBXBuildFile; fileRef = C24FE4592964E88000928BAD /* UserDefaults+Extensions.swift */; };
		C256C46C28BA882100F4DE98 /* ColorfulProgressIndicator.swift in Sources */ = {isa = PBXBuildFile; fileRef = C256C46B28BA882100F4DE98 /* ColorfulProgressIndicator.swift */; };
		C257C19428BE6EF000E2849D /* HelpInfoViewController.xib in Resources */ = {isa = PBXBuildFile; fileRef = C257C19328BE6EF000E2849D /* HelpInfoViewController.xib */; };
		C257C19628BE70C800E2849D /* HelpInfoViewController.swift in Sources */ = {isa = PBXBuildFile; fileRef = C257C19528BE70C800E2849D /* HelpInfoViewController.swift */; };
		C257C19828BE70F200E2849D /* SupportedFormatsViewController.xib in Resources */ = {isa = PBXBuildFile; fileRef = C257C19728BE70F200E2849D /* SupportedFormatsViewController.xib */; };
		C2638D5428EA20CA00841C47 /* ContactWindowController.swift in Sources */ = {isa = PBXBuildFile; fileRef = C2638D5328EA20CA00841C47 /* ContactWindowController.swift */; };
		C2638D5628EA211400841C47 /* ReportErrorWindowController.swift in Sources */ = {isa = PBXBuildFile; fileRef = C2638D5528EA211400841C47 /* ReportErrorWindowController.swift */; };
		C2638D5C28EB446A00841C47 /* SegueData.swift in Sources */ = {isa = PBXBuildFile; fileRef = C2638D5B28EB446A00841C47 /* SegueData.swift */; };
		C274CDEB28E5E274005BCE22 /* ContactViewController.swift in Sources */ = {isa = PBXBuildFile; fileRef = C274CDE928E5E274005BCE22 /* ContactViewController.swift */; };
		C274CDEE28E609F5005BCE22 /* ReportErrorViewController.swift in Sources */ = {isa = PBXBuildFile; fileRef = C274CDED28E609F5005BCE22 /* ReportErrorViewController.swift */; };
		C289E8AC28BA6DD10002CDA3 /* ConversionDidComplete.swift in Sources */ = {isa = PBXBuildFile; fileRef = C289E8AB28BA6DD10002CDA3 /* ConversionDidComplete.swift */; };
		C29D1A4D290C83F300711C14 /* PremiumView+Video.swift in Sources */ = {isa = PBXBuildFile; fileRef = C29D1A4C290C83F300711C14 /* PremiumView+Video.swift */; };
		C2B26F5129142CC3001FBD6A /* PurchasePremiumViewController.swift in Sources */ = {isa = PBXBuildFile; fileRef = C2B26F5029142CC3001FBD6A /* PurchasePremiumViewController.swift */; };
		C2BEEEFB2903141E00F9FFD8 /* PremiumView.swift in Sources */ = {isa = PBXBuildFile; fileRef = C2BEEEFA2903141E00F9FFD8 /* PremiumView.swift */; };
		C2C32146296CD5F900989D44 /* AVKit.framework in Frameworks */ = {isa = PBXBuildFile; fileRef = C2C32145296CD5F900989D44 /* AVKit.framework */; };
		C2C32148296CD61800989D44 /* AVFoundation.framework in Frameworks */ = {isa = PBXBuildFile; fileRef = C2C32147296CD61800989D44 /* AVFoundation.framework */; };
		C2C9C3D62912D87A00307251 /* MultiFilesListViewController.swift in Sources */ = {isa = PBXBuildFile; fileRef = C2C9C3D42912D87A00307251 /* MultiFilesListViewController.swift */; };
		C2C9C3D72912D87A00307251 /* MultiFilesListViewController.xib in Resources */ = {isa = PBXBuildFile; fileRef = C2C9C3D52912D87A00307251 /* MultiFilesListViewController.xib */; };
		C2CAD9FD291EC410005F9733 /* EnableDisableUI.swift in Sources */ = {isa = PBXBuildFile; fileRef = C2CAD9FC291EC410005F9733 /* EnableDisableUI.swift */; };
		C2CAD9FF291ED5B8005F9733 /* ProcessLoader.swift in Sources */ = {isa = PBXBuildFile; fileRef = C2CAD9FE291ED5B8005F9733 /* ProcessLoader.swift */; };
		C2CADA0129200A02005F9733 /* VideoQuality.swift in Sources */ = {isa = PBXBuildFile; fileRef = C2CADA0029200A02005F9733 /* VideoQuality.swift */; };
		C2CEA6E7293281B300BFC86F /* ViewController+ToolTips.swift in Sources */ = {isa = PBXBuildFile; fileRef = C2CEA6E6293281B300BFC86F /* ViewController+ToolTips.swift */; };
		C2D33F4728A950BA00BDCCD4 /* AppDelegate.swift in Sources */ = {isa = PBXBuildFile; fileRef = C2D33F4628A950BA00BDCCD4 /* AppDelegate.swift */; };
		C2D33F4928A950BA00BDCCD4 /* ViewController.swift in Sources */ = {isa = PBXBuildFile; fileRef = C2D33F4828A950BA00BDCCD4 /* ViewController.swift */; };
		C2D33F4B28A950BF00BDCCD4 /* Assets.xcassets in Resources */ = {isa = PBXBuildFile; fileRef = C2D33F4A28A950BF00BDCCD4 /* Assets.xcassets */; };
		C2D33F4E28A950BF00BDCCD4 /* Main.storyboard in Resources */ = {isa = PBXBuildFile; fileRef = C2D33F4C28A950BF00BDCCD4 /* Main.storyboard */; };
		C2D33F5728A97E2000BDCCD4 /* VideoFormat.swift in Sources */ = {isa = PBXBuildFile; fileRef = C2D33F5628A97E2000BDCCD4 /* VideoFormat.swift */; };
		C2DC46A028AC1BB300EDD3EB /* DragDropView.swift in Sources */ = {isa = PBXBuildFile; fileRef = C2DC469F28AC1BB300EDD3EB /* DragDropView.swift */; };
		C2DC46A228AD618500EDD3EB /* DragDropBox.swift in Sources */ = {isa = PBXBuildFile; fileRef = C2DC46A128AD618500EDD3EB /* DragDropBox.swift */; };
		C2E1F22128C29A17005A8B48 /* ErrorPrompt.swift in Sources */ = {isa = PBXBuildFile; fileRef = C2E1F22028C29A17005A8B48 /* ErrorPrompt.swift */; };
/* End PBXBuildFile section */

/* Begin PBXCopyFilesBuildPhase section */
		79B2AFAA28DA2E20009783EE /* Embed Frameworks */ = {
			isa = PBXCopyFilesBuildPhase;
			buildActionMask = 2147483647;
			dstPath = "";
			dstSubfolderSpec = 10;
			files = (
				79D352A228FDDDE000F8CD39 /* ffmpegkit.xcframework in Embed Frameworks */,
				79D352A628FDDDE300F8CD39 /* libavdevice.xcframework in Embed Frameworks */,
				79D352A828FDDDE400F8CD39 /* libavfilter.xcframework in Embed Frameworks */,
				79D352A428FDDDE100F8CD39 /* libavcodec.xcframework in Embed Frameworks */,
				79D352AC28FDDDE600F8CD39 /* libavutil.xcframework in Embed Frameworks */,
				79D352AA28FDDDE500F8CD39 /* libavformat.xcframework in Embed Frameworks */,
				79D352B028FDDDE900F8CD39 /* libswscale.xcframework in Embed Frameworks */,
				79D352AE28FDDDE800F8CD39 /* libswresample.xcframework in Embed Frameworks */,
			);
			name = "Embed Frameworks";
			runOnlyForDeploymentPostprocessing = 0;
		};
/* End PBXCopyFilesBuildPhase section */

/* Begin PBXFileReference section */
		7908E48628AAAFB500B02512 /* Conversion.swift */ = {isa = PBXFileReference; lastKnownFileType = sourcecode.swift; path = Conversion.swift; sourceTree = "<group>"; };
		7948AA6128CF9916003DB5E2 /* Configuration.swift */ = {isa = PBXFileReference; lastKnownFileType = sourcecode.swift; path = Configuration.swift; sourceTree = "<group>"; };
		794AA2C928C2D61900AADF36 /* ChannelLayout.swift */ = {isa = PBXFileReference; lastKnownFileType = sourcecode.swift; path = ChannelLayout.swift; sourceTree = "<group>"; };
		794BE83328B3D0030074E40C /* VideoCodec.swift */ = {isa = PBXFileReference; lastKnownFileType = sourcecode.swift; path = VideoCodec.swift; sourceTree = "<group>"; };
		7958C6B9291C319E00D4621A /* URL+Extensions.swift */ = {isa = PBXFileReference; lastKnownFileType = sourcecode.swift; path = "URL+Extensions.swift"; sourceTree = "<group>"; };
		7978DA6A28BAE30400BC254B /* Constants.swift */ = {isa = PBXFileReference; lastKnownFileType = sourcecode.swift; path = Constants.swift; sourceTree = "<group>"; };
		799E3E5328C0479500234BDE /* AudioCodec.swift */ = {isa = PBXFileReference; lastKnownFileType = sourcecode.swift; path = AudioCodec.swift; sourceTree = "<group>"; };
		79AF2A7D28D5FDF6009CCB42 /* SubtitleCodec.swift */ = {isa = PBXFileReference; lastKnownFileType = sourcecode.swift; path = SubtitleCodec.swift; sourceTree = "<group>"; };
		79AF2A8128D60C26009CCB42 /* Video.swift */ = {isa = PBXFileReference; lastKnownFileType = sourcecode.swift; path = Video.swift; sourceTree = "<group>"; };
		79CD2F2228ECBF2B005F34F0 /* Logger.swift */ = {isa = PBXFileReference; lastKnownFileType = sourcecode.swift; path = Logger.swift; sourceTree = "<group>"; };
		79D3529128FDDD4500F8CD39 /* libswresample.xcframework */ = {isa = PBXFileReference; lastKnownFileType = wrapper.xcframework; path = libswresample.xcframework; sourceTree = "<group>"; };
		79D3529228FDDD4500F8CD39 /* libavfilter.xcframework */ = {isa = PBXFileReference; lastKnownFileType = wrapper.xcframework; path = libavfilter.xcframework; sourceTree = "<group>"; };
		79D3529328FDDD4500F8CD39 /* libavutil.xcframework */ = {isa = PBXFileReference; lastKnownFileType = wrapper.xcframework; path = libavutil.xcframework; sourceTree = "<group>"; };
		79D3529428FDDD4500F8CD39 /* libswscale.xcframework */ = {isa = PBXFileReference; lastKnownFileType = wrapper.xcframework; path = libswscale.xcframework; sourceTree = "<group>"; };
		79D3529528FDDD4500F8CD39 /* libavdevice.xcframework */ = {isa = PBXFileReference; lastKnownFileType = wrapper.xcframework; path = libavdevice.xcframework; sourceTree = "<group>"; };
		79D3529628FDDD4600F8CD39 /* libavformat.xcframework */ = {isa = PBXFileReference; lastKnownFileType = wrapper.xcframework; path = libavformat.xcframework; sourceTree = "<group>"; };
		79D3529728FDDD4600F8CD39 /* libavcodec.xcframework */ = {isa = PBXFileReference; lastKnownFileType = wrapper.xcframework; path = libavcodec.xcframework; sourceTree = "<group>"; };
		79D3529828FDDD4600F8CD39 /* ffmpegkit.xcframework */ = {isa = PBXFileReference; lastKnownFileType = wrapper.xcframework; path = ffmpegkit.xcframework; sourceTree = "<group>"; };
		79D95A8A28E8C3660023BECE /* API.swift */ = {isa = PBXFileReference; lastKnownFileType = sourcecode.swift; path = API.swift; sourceTree = "<group>"; };
		79F0029B28EF46D400AD93BB /* Date.swift */ = {isa = PBXFileReference; lastKnownFileType = sourcecode.swift; path = Date.swift; sourceTree = "<group>"; };
		C205DB1B2908358C00A1C6F8 /* WindowController.swift */ = {isa = PBXFileReference; lastKnownFileType = sourcecode.swift; path = WindowController.swift; sourceTree = "<group>"; };
		C205DB1E290836AA00A1C6F8 /* ResizeViewHandler.swift */ = {isa = PBXFileReference; lastKnownFileType = sourcecode.swift; path = ResizeViewHandler.swift; sourceTree = "<group>"; };
		C21CC16B28EC920700176A98 /* MessageDidSend.swift */ = {isa = PBXFileReference; lastKnownFileType = sourcecode.swift; path = MessageDidSend.swift; sourceTree = "<group>"; };
		C22287A428F498F400137473 /* String+Extensions.swift */ = {isa = PBXFileReference; lastKnownFileType = sourcecode.swift; path = "String+Extensions.swift"; sourceTree = "<group>"; };
		C22A4EF228F47AFD0050D739 /* AppMenu+Global.swift */ = {isa = PBXFileReference; lastKnownFileType = sourcecode.swift; path = "AppMenu+Global.swift"; sourceTree = "<group>"; };
		C22A4EF428F47FB60050D739 /* AppMenu+Debug.swift */ = {isa = PBXFileReference; lastKnownFileType = sourcecode.swift; path = "AppMenu+Debug.swift"; sourceTree = "<group>"; };
		C2404C862915903F00CD9430 /* ViewController+Purchase.swift */ = {isa = PBXFileReference; lastKnownFileType = sourcecode.swift; path = "ViewController+Purchase.swift"; sourceTree = "<group>"; };
		C24745C828BD883C007E128B /* SupportedFormatsViewController.swift */ = {isa = PBXFileReference; lastKnownFileType = sourcecode.swift; path = SupportedFormatsViewController.swift; sourceTree = "<group>"; };
		C24FE4572964E21A00928BAD /* Reachability.swift */ = {isa = PBXFileReference; lastKnownFileType = sourcecode.swift; path = Reachability.swift; sourceTree = "<group>"; };
		C24FE4592964E88000928BAD /* UserDefaults+Extensions.swift */ = {isa = PBXFileReference; lastKnownFileType = sourcecode.swift; path = "UserDefaults+Extensions.swift"; sourceTree = "<group>"; };
		C256C46B28BA882100F4DE98 /* ColorfulProgressIndicator.swift */ = {isa = PBXFileReference; lastKnownFileType = sourcecode.swift; path = ColorfulProgressIndicator.swift; sourceTree = "<group>"; };
		C257C19328BE6EF000E2849D /* HelpInfoViewController.xib */ = {isa = PBXFileReference; fileEncoding = 4; lastKnownFileType = file.xib; path = HelpInfoViewController.xib; sourceTree = "<group>"; };
		C257C19528BE70C800E2849D /* HelpInfoViewController.swift */ = {isa = PBXFileReference; lastKnownFileType = sourcecode.swift; path = HelpInfoViewController.swift; sourceTree = "<group>"; };
		C257C19728BE70F200E2849D /* SupportedFormatsViewController.xib */ = {isa = PBXFileReference; fileEncoding = 4; lastKnownFileType = file.xib; path = SupportedFormatsViewController.xib; sourceTree = "<group>"; };
		C2638D5328EA20CA00841C47 /* ContactWindowController.swift */ = {isa = PBXFileReference; lastKnownFileType = sourcecode.swift; path = ContactWindowController.swift; sourceTree = "<group>"; };
		C2638D5528EA211400841C47 /* ReportErrorWindowController.swift */ = {isa = PBXFileReference; lastKnownFileType = sourcecode.swift; path = ReportErrorWindowController.swift; sourceTree = "<group>"; };
		C2638D5B28EB446A00841C47 /* SegueData.swift */ = {isa = PBXFileReference; lastKnownFileType = sourcecode.swift; path = SegueData.swift; sourceTree = "<group>"; };
		C274CDE928E5E274005BCE22 /* ContactViewController.swift */ = {isa = PBXFileReference; lastKnownFileType = sourcecode.swift; path = ContactViewController.swift; sourceTree = "<group>"; };
		C274CDED28E609F5005BCE22 /* ReportErrorViewController.swift */ = {isa = PBXFileReference; lastKnownFileType = sourcecode.swift; path = ReportErrorViewController.swift; sourceTree = "<group>"; };
		C289E8AB28BA6DD10002CDA3 /* ConversionDidComplete.swift */ = {isa = PBXFileReference; fileEncoding = 4; lastKnownFileType = sourcecode.swift; path = ConversionDidComplete.swift; sourceTree = "<group>"; };
		C29D1A4C290C83F300711C14 /* PremiumView+Video.swift */ = {isa = PBXFileReference; lastKnownFileType = sourcecode.swift; path = "PremiumView+Video.swift"; sourceTree = "<group>"; };
		C2B26F5029142CC3001FBD6A /* PurchasePremiumViewController.swift */ = {isa = PBXFileReference; lastKnownFileType = sourcecode.swift; path = PurchasePremiumViewController.swift; sourceTree = "<group>"; };
		C2BEEEFA2903141E00F9FFD8 /* PremiumView.swift */ = {isa = PBXFileReference; lastKnownFileType = sourcecode.swift; path = PremiumView.swift; sourceTree = "<group>"; };
		C2C32145296CD5F900989D44 /* AVKit.framework */ = {isa = PBXFileReference; lastKnownFileType = wrapper.framework; name = AVKit.framework; path = System/Library/Frameworks/AVKit.framework; sourceTree = SDKROOT; };
		C2C32147296CD61800989D44 /* AVFoundation.framework */ = {isa = PBXFileReference; lastKnownFileType = wrapper.framework; name = AVFoundation.framework; path = System/Library/Frameworks/AVFoundation.framework; sourceTree = SDKROOT; };
		C2C9C3D42912D87A00307251 /* MultiFilesListViewController.swift */ = {isa = PBXFileReference; lastKnownFileType = sourcecode.swift; path = MultiFilesListViewController.swift; sourceTree = "<group>"; };
		C2C9C3D52912D87A00307251 /* MultiFilesListViewController.xib */ = {isa = PBXFileReference; lastKnownFileType = file.xib; path = MultiFilesListViewController.xib; sourceTree = "<group>"; };
		C2CAD9FC291EC410005F9733 /* EnableDisableUI.swift */ = {isa = PBXFileReference; lastKnownFileType = sourcecode.swift; path = EnableDisableUI.swift; sourceTree = "<group>"; };
		C2CAD9FE291ED5B8005F9733 /* ProcessLoader.swift */ = {isa = PBXFileReference; lastKnownFileType = sourcecode.swift; path = ProcessLoader.swift; sourceTree = "<group>"; };
		C2CADA0029200A02005F9733 /* VideoQuality.swift */ = {isa = PBXFileReference; lastKnownFileType = sourcecode.swift; path = VideoQuality.swift; sourceTree = "<group>"; };
		C2CEA6E6293281B300BFC86F /* ViewController+ToolTips.swift */ = {isa = PBXFileReference; lastKnownFileType = sourcecode.swift; path = "ViewController+ToolTips.swift"; sourceTree = "<group>"; };
		C2D33F4328A950BA00BDCCD4 /* Video Converter.app */ = {isa = PBXFileReference; explicitFileType = wrapper.application; includeInIndex = 0; path = "Video Converter.app"; sourceTree = BUILT_PRODUCTS_DIR; };
		C2D33F4628A950BA00BDCCD4 /* AppDelegate.swift */ = {isa = PBXFileReference; lastKnownFileType = sourcecode.swift; path = AppDelegate.swift; sourceTree = "<group>"; };
		C2D33F4828A950BA00BDCCD4 /* ViewController.swift */ = {isa = PBXFileReference; lastKnownFileType = sourcecode.swift; path = ViewController.swift; sourceTree = "<group>"; };
		C2D33F4A28A950BF00BDCCD4 /* Assets.xcassets */ = {isa = PBXFileReference; lastKnownFileType = folder.assetcatalog; path = Assets.xcassets; sourceTree = "<group>"; };
		C2D33F4D28A950BF00BDCCD4 /* Base */ = {isa = PBXFileReference; lastKnownFileType = file.storyboard; name = Base; path = Base.lproj/Main.storyboard; sourceTree = "<group>"; };
		C2D33F4F28A950BF00BDCCD4 /* Converter.entitlements */ = {isa = PBXFileReference; lastKnownFileType = text.plist.entitlements; path = Converter.entitlements; sourceTree = "<group>"; };
		C2D33F5628A97E2000BDCCD4 /* VideoFormat.swift */ = {isa = PBXFileReference; lastKnownFileType = sourcecode.swift; path = VideoFormat.swift; sourceTree = "<group>"; };
		C2D94BCD28C11BCE001E14E9 /* Info.plist */ = {isa = PBXFileReference; lastKnownFileType = text.plist; path = Info.plist; sourceTree = "<group>"; };
		C2DC469F28AC1BB300EDD3EB /* DragDropView.swift */ = {isa = PBXFileReference; lastKnownFileType = sourcecode.swift; path = DragDropView.swift; sourceTree = "<group>"; };
		C2DC46A128AD618500EDD3EB /* DragDropBox.swift */ = {isa = PBXFileReference; lastKnownFileType = sourcecode.swift; path = DragDropBox.swift; sourceTree = "<group>"; };
		C2E1F22028C29A17005A8B48 /* ErrorPrompt.swift */ = {isa = PBXFileReference; lastKnownFileType = sourcecode.swift; path = ErrorPrompt.swift; sourceTree = "<group>"; };
/* End PBXFileReference section */

/* Begin PBXFrameworksBuildPhase section */
		C2D33F4028A950BA00BDCCD4 /* Frameworks */ = {
			isa = PBXFrameworksBuildPhase;
			buildActionMask = 2147483647;
			files = (
				79D352AB28FDDDE600F8CD39 /* libavutil.xcframework in Frameworks */,
				79D352A328FDDDE100F8CD39 /* libavcodec.xcframework in Frameworks */,
				C2C32148296CD61800989D44 /* AVFoundation.framework in Frameworks */,
				C2C32146296CD5F900989D44 /* AVKit.framework in Frameworks */,
				79D352AD28FDDDE700F8CD39 /* libswresample.xcframework in Frameworks */,
				79D352A128FDDDE000F8CD39 /* ffmpegkit.xcframework in Frameworks */,
				79D352A728FDDDE400F8CD39 /* libavfilter.xcframework in Frameworks */,
				79D352A528FDDDE300F8CD39 /* libavdevice.xcframework in Frameworks */,
				79D352AF28FDDDE900F8CD39 /* libswscale.xcframework in Frameworks */,
				79D352A928FDDDE500F8CD39 /* libavformat.xcframework in Frameworks */,
			);
			runOnlyForDeploymentPostprocessing = 0;
		};
/* End PBXFrameworksBuildPhase section */

/* Begin PBXGroup section */
		79F0029A28EF46C700AD93BB /* Utilities */ = {
			isa = PBXGroup;
			children = (
				C24FE4562964E20C00928BAD /* Reachability */,
				C22287A328F4988900137473 /* Extensions */,
				79F0029B28EF46D400AD93BB /* Date.swift */,
			);
			path = Utilities;
			sourceTree = "<group>";
		};
		C205DB1D2908363D00A1C6F8 /* DragDrop */ = {
			isa = PBXGroup;
			children = (
				C2DC469F28AC1BB300EDD3EB /* DragDropView.swift */,
				C2DC46A128AD618500EDD3EB /* DragDropBox.swift */,
			);
			path = DragDrop;
			sourceTree = "<group>";
		};
		C22287A328F4988900137473 /* Extensions */ = {
			isa = PBXGroup;
			children = (
				C22287A428F498F400137473 /* String+Extensions.swift */,
				7958C6B9291C319E00D4621A /* URL+Extensions.swift */,
				C24FE4592964E88000928BAD /* UserDefaults+Extensions.swift */,
			);
			path = Extensions;
			sourceTree = "<group>";
		};
		C22A4EF128F47A930050D739 /* AppMenu */ = {
			isa = PBXGroup;
			children = (
				C22A4EF228F47AFD0050D739 /* AppMenu+Global.swift */,
				C22A4EF428F47FB60050D739 /* AppMenu+Debug.swift */,
			);
			path = AppMenu;
			sourceTree = "<group>";
		};
		C24745C728BD8812007E128B /* Popover */ = {
			isa = PBXGroup;
			children = (
				C257C19528BE70C800E2849D /* HelpInfoViewController.swift */,
				C257C19328BE6EF000E2849D /* HelpInfoViewController.xib */,
				C24745C828BD883C007E128B /* SupportedFormatsViewController.swift */,
				C257C19728BE70F200E2849D /* SupportedFormatsViewController.xib */,
				C2C9C3D42912D87A00307251 /* MultiFilesListViewController.swift */,
				C2C9C3D52912D87A00307251 /* MultiFilesListViewController.xib */,
			);
			path = Popover;
			sourceTree = "<group>";
		};
		C24FE4562964E20C00928BAD /* Reachability */ = {
			isa = PBXGroup;
			children = (
				C24FE4572964E21A00928BAD /* Reachability.swift */,
			);
			path = Reachability;
			sourceTree = "<group>";
		};
		C256C46A28BA878A00F4DE98 /* ProgressBar */ = {
			isa = PBXGroup;
			children = (
				C256C46B28BA882100F4DE98 /* ColorfulProgressIndicator.swift */,
			);
			path = ProgressBar;
			sourceTree = "<group>";
		};
		C274CDE828E5E243005BCE22 /* NativeContact */ = {
			isa = PBXGroup;
			children = (
				C2638D5328EA20CA00841C47 /* ContactWindowController.swift */,
				C274CDE928E5E274005BCE22 /* ContactViewController.swift */,
				C2638D5528EA211400841C47 /* ReportErrorWindowController.swift */,
				C274CDED28E609F5005BCE22 /* ReportErrorViewController.swift */,
			);
			path = NativeContact;
			sourceTree = "<group>";
		};
		C289E8AA28BA6DD10002CDA3 /* Alerts */ = {
			isa = PBXGroup;
			children = (
				C289E8AB28BA6DD10002CDA3 /* ConversionDidComplete.swift */,
				C2E1F22028C29A17005A8B48 /* ErrorPrompt.swift */,
				C21CC16B28EC920700176A98 /* MessageDidSend.swift */,
			);
			path = Alerts;
			sourceTree = "<group>";
		};
		C2B26F4F29142C96001FBD6A /* PurchasePremium */ = {
			isa = PBXGroup;
			children = (
				C2B26F5029142CC3001FBD6A /* PurchasePremiumViewController.swift */,
				C2404C862915903F00CD9430 /* ViewController+Purchase.swift */,
			);
			path = PurchasePremium;
			sourceTree = "<group>";
		};
		C2BEEEF9290313C600F9FFD8 /* Premium */ = {
			isa = PBXGroup;
			children = (
				C2B26F4F29142C96001FBD6A /* PurchasePremium */,
				C2BEEEFA2903141E00F9FFD8 /* PremiumView.swift */,
				C29D1A4C290C83F300711C14 /* PremiumView+Video.swift */,
				C205DB1E290836AA00A1C6F8 /* ResizeViewHandler.swift */,
			);
			path = Premium;
			sourceTree = "<group>";
		};
		C2CAD9FB291EC390005F9733 /* ProcessHandler */ = {
			isa = PBXGroup;
			children = (
				C2CAD9FC291EC410005F9733 /* EnableDisableUI.swift */,
				C2CAD9FE291ED5B8005F9733 /* ProcessLoader.swift */,
			);
			path = ProcessHandler;
			sourceTree = "<group>";
		};
		C2CEA6E52932819300BFC86F /* ToolTips */ = {
			isa = PBXGroup;
			children = (
				C2CEA6E6293281B300BFC86F /* ViewController+ToolTips.swift */,
			);
			path = ToolTips;
			sourceTree = "<group>";
		};
		C2D33F3A28A950BA00BDCCD4 = {
			isa = PBXGroup;
			children = (
				C2D33F4528A950BA00BDCCD4 /* Converter */,
				C2D33F4428A950BA00BDCCD4 /* Products */,
				D5F2785EA79D681D546BD992 /* Frameworks */,
			);
			sourceTree = "<group>";
		};
		C2D33F4428A950BA00BDCCD4 /* Products */ = {
			isa = PBXGroup;
			children = (
				C2D33F4328A950BA00BDCCD4 /* Video Converter.app */,
			);
			name = Products;
			sourceTree = "<group>";
		};
		C2D33F4528A950BA00BDCCD4 /* Converter */ = {
			isa = PBXGroup;
			children = (
				79F0029A28EF46C700AD93BB /* Utilities */,
				C2D94BCD28C11BCE001E14E9 /* Info.plist */,
				C2D33F4628A950BA00BDCCD4 /* AppDelegate.swift */,
				C22A4EF128F47A930050D739 /* AppMenu */,
				C205DB1B2908358C00A1C6F8 /* WindowController.swift */,
				C2D33F4828A950BA00BDCCD4 /* ViewController.swift */,
				C2638D5B28EB446A00841C47 /* SegueData.swift */,
				C2DC469E28AC1B9800EDD3EB /* Views */,
				C2D33F5528A97DEA00BDCCD4 /* VideoFormat */,
				C2D33F4A28A950BF00BDCCD4 /* Assets.xcassets */,
				C2D33F4C28A950BF00BDCCD4 /* Main.storyboard */,
				C2D33F4F28A950BF00BDCCD4 /* Converter.entitlements */,
				7908E48628AAAFB500B02512 /* Conversion.swift */,
				7978DA6A28BAE30400BC254B /* Constants.swift */,
				7948AA6128CF9916003DB5E2 /* Configuration.swift */,
				79D95A8A28E8C3660023BECE /* API.swift */,
				79CD2F2228ECBF2B005F34F0 /* Logger.swift */,
			);
			path = Converter;
			sourceTree = "<group>";
		};
		C2D33F5528A97DEA00BDCCD4 /* VideoFormat */ = {
			isa = PBXGroup;
			children = (
				C2D33F5628A97E2000BDCCD4 /* VideoFormat.swift */,
				799E3E5328C0479500234BDE /* AudioCodec.swift */,
				794BE83328B3D0030074E40C /* VideoCodec.swift */,
				C2CADA0029200A02005F9733 /* VideoQuality.swift */,
				794AA2C928C2D61900AADF36 /* ChannelLayout.swift */,
				79AF2A7D28D5FDF6009CCB42 /* SubtitleCodec.swift */,
				79AF2A8128D60C26009CCB42 /* Video.swift */,
			);
			path = VideoFormat;
			sourceTree = "<group>";
		};
		C2DC469E28AC1B9800EDD3EB /* Views */ = {
			isa = PBXGroup;
			children = (
				C2CEA6E52932819300BFC86F /* ToolTips */,
				C2CAD9FB291EC390005F9733 /* ProcessHandler */,
				C2BEEEF9290313C600F9FFD8 /* Premium */,
				C274CDE828E5E243005BCE22 /* NativeContact */,
				C24745C728BD8812007E128B /* Popover */,
				C256C46A28BA878A00F4DE98 /* ProgressBar */,
				C289E8AA28BA6DD10002CDA3 /* Alerts */,
				C205DB1D2908363D00A1C6F8 /* DragDrop */,
			);
			path = Views;
			sourceTree = "<group>";
		};
		D5F2785EA79D681D546BD992 /* Frameworks */ = {
			isa = PBXGroup;
			children = (
				C2C32147296CD61800989D44 /* AVFoundation.framework */,
				C2C32145296CD5F900989D44 /* AVKit.framework */,
				79D3529828FDDD4600F8CD39 /* ffmpegkit.xcframework */,
				79D3529728FDDD4600F8CD39 /* libavcodec.xcframework */,
				79D3529528FDDD4500F8CD39 /* libavdevice.xcframework */,
				79D3529228FDDD4500F8CD39 /* libavfilter.xcframework */,
				79D3529628FDDD4600F8CD39 /* libavformat.xcframework */,
				79D3529328FDDD4500F8CD39 /* libavutil.xcframework */,
				79D3529128FDDD4500F8CD39 /* libswresample.xcframework */,
				79D3529428FDDD4500F8CD39 /* libswscale.xcframework */,
			);
			name = Frameworks;
			sourceTree = "<group>";
		};
/* End PBXGroup section */

/* Begin PBXNativeTarget section */
		C2D33F4228A950BA00BDCCD4 /* Converter */ = {
			isa = PBXNativeTarget;
			buildConfigurationList = C2D33F5228A950BF00BDCCD4 /* Build configuration list for PBXNativeTarget "Converter" */;
			buildPhases = (
				C2D33F3F28A950BA00BDCCD4 /* Sources */,
				C2D33F4028A950BA00BDCCD4 /* Frameworks */,
				C2D33F4128A950BA00BDCCD4 /* Resources */,
				79B2AFAA28DA2E20009783EE /* Embed Frameworks */,
			);
			buildRules = (
			);
			dependencies = (
			);
			name = Converter;
			packageProductDependencies = (
			);
			productName = Converter;
			productReference = C2D33F4328A950BA00BDCCD4 /* Video Converter.app */;
			productType = "com.apple.product-type.application";
		};
/* End PBXNativeTarget section */

/* Begin PBXProject section */
		C2D33F3B28A950BA00BDCCD4 /* Project object */ = {
			isa = PBXProject;
			attributes = {
				BuildIndependentTargetsInParallel = 1;
				LastSwiftUpdateCheck = 1340;
				LastUpgradeCheck = 1400;
				TargetAttributes = {
					C2D33F4228A950BA00BDCCD4 = {
						CreatedOnToolsVersion = 13.4.1;
					};
				};
			};
			buildConfigurationList = C2D33F3E28A950BA00BDCCD4 /* Build configuration list for PBXProject "Converter" */;
			compatibilityVersion = "Xcode 13.0";
			developmentRegion = en;
			hasScannedForEncodings = 0;
			knownRegions = (
				en,
				Base,
			);
			mainGroup = C2D33F3A28A950BA00BDCCD4;
			packageReferences = (
			);
			productRefGroup = C2D33F4428A950BA00BDCCD4 /* Products */;
			projectDirPath = "";
			projectRoot = "";
			targets = (
				C2D33F4228A950BA00BDCCD4 /* Converter */,
			);
		};
/* End PBXProject section */

/* Begin PBXResourcesBuildPhase section */
		C2D33F4128A950BA00BDCCD4 /* Resources */ = {
			isa = PBXResourcesBuildPhase;
			buildActionMask = 2147483647;
			files = (
				C257C19428BE6EF000E2849D /* HelpInfoViewController.xib in Resources */,
				C2D33F4B28A950BF00BDCCD4 /* Assets.xcassets in Resources */,
				C2D33F4E28A950BF00BDCCD4 /* Main.storyboard in Resources */,
				C2C9C3D72912D87A00307251 /* MultiFilesListViewController.xib in Resources */,
				C257C19828BE70F200E2849D /* SupportedFormatsViewController.xib in Resources */,
			);
			runOnlyForDeploymentPostprocessing = 0;
		};
/* End PBXResourcesBuildPhase section */

/* Begin PBXSourcesBuildPhase section */
		C2D33F3F28A950BA00BDCCD4 /* Sources */ = {
			isa = PBXSourcesBuildPhase;
			buildActionMask = 2147483647;
			files = (
				C2638D5628EA211400841C47 /* ReportErrorWindowController.swift in Sources */,
				C24FE45A2964E88000928BAD /* UserDefaults+Extensions.swift in Sources */,
				79F0029C28EF46D400AD93BB /* Date.swift in Sources */,
				C2DC46A028AC1BB300EDD3EB /* DragDropView.swift in Sources */,
				79CD2F2328ECBF2B005F34F0 /* Logger.swift in Sources */,
				C2CEA6E7293281B300BFC86F /* ViewController+ToolTips.swift in Sources */,
				C2404C872915903F00CD9430 /* ViewController+Purchase.swift in Sources */,
				C2BEEEFB2903141E00F9FFD8 /* PremiumView.swift in Sources */,
				79AF2A7E28D5FDF6009CCB42 /* SubtitleCodec.swift in Sources */,
				C22A4EF328F47AFD0050D739 /* AppMenu+Global.swift in Sources */,
				C22A4EF528F47FB60050D739 /* AppMenu+Debug.swift in Sources */,
				C2D33F4928A950BA00BDCCD4 /* ViewController.swift in Sources */,
				C2C9C3D62912D87A00307251 /* MultiFilesListViewController.swift in Sources */,
				7908E48728AAAFB500B02512 /* Conversion.swift in Sources */,
				C2B26F5129142CC3001FBD6A /* PurchasePremiumViewController.swift in Sources */,
				799E3E5428C0479500234BDE /* AudioCodec.swift in Sources */,
				C2CAD9FF291ED5B8005F9733 /* ProcessLoader.swift in Sources */,
				C22287A528F498F400137473 /* String+Extensions.swift in Sources */,
				C2D33F5728A97E2000BDCCD4 /* VideoFormat.swift in Sources */,
				C205DB1C2908358C00A1C6F8 /* WindowController.swift in Sources */,
				C2DC46A228AD618500EDD3EB /* DragDropBox.swift in Sources */,
				C274CDEB28E5E274005BCE22 /* ContactViewController.swift in Sources */,
				7948AA6228CF9916003DB5E2 /* Configuration.swift in Sources */,
				C2E1F22128C29A17005A8B48 /* ErrorPrompt.swift in Sources */,
				C21CC16C28EC920700176A98 /* MessageDidSend.swift in Sources */,
				7978DA6B28BAE30400BC254B /* Constants.swift in Sources */,
				C2CAD9FD291EC410005F9733 /* EnableDisableUI.swift in Sources */,
				794AA2CA28C2D61900AADF36 /* ChannelLayout.swift in Sources */,
				C2638D5428EA20CA00841C47 /* ContactWindowController.swift in Sources */,
				C257C19628BE70C800E2849D /* HelpInfoViewController.swift in Sources */,
				C205DB1F290836AA00A1C6F8 /* ResizeViewHandler.swift in Sources */,
				79D95A8B28E8C3660023BECE /* API.swift in Sources */,
				C2CADA0129200A02005F9733 /* VideoQuality.swift in Sources */,
				C2D33F4728A950BA00BDCCD4 /* AppDelegate.swift in Sources */,
				79AF2A8228D60C26009CCB42 /* Video.swift in Sources */,
				C289E8AC28BA6DD10002CDA3 /* ConversionDidComplete.swift in Sources */,
				7958C6BA291C319E00D4621A /* URL+Extensions.swift in Sources */,
				C29D1A4D290C83F300711C14 /* PremiumView+Video.swift in Sources */,
				794BE83428B3D0030074E40C /* VideoCodec.swift in Sources */,
				C256C46C28BA882100F4DE98 /* ColorfulProgressIndicator.swift in Sources */,
				C2638D5C28EB446A00841C47 /* SegueData.swift in Sources */,
				C24745C928BD883C007E128B /* SupportedFormatsViewController.swift in Sources */,
				C24FE4582964E21A00928BAD /* Reachability.swift in Sources */,
				C274CDEE28E609F5005BCE22 /* ReportErrorViewController.swift in Sources */,
			);
			runOnlyForDeploymentPostprocessing = 0;
		};
/* End PBXSourcesBuildPhase section */

/* Begin PBXVariantGroup section */
		C2D33F4C28A950BF00BDCCD4 /* Main.storyboard */ = {
			isa = PBXVariantGroup;
			children = (
				C2D33F4D28A950BF00BDCCD4 /* Base */,
			);
			name = Main.storyboard;
			sourceTree = "<group>";
		};
/* End PBXVariantGroup section */

/* Begin XCBuildConfiguration section */
		7948AA5D28CF93F7003DB5E2 /* Development Debug */ = {
			isa = XCBuildConfiguration;
			buildSettings = {
				ALWAYS_SEARCH_USER_PATHS = NO;
				CLANG_ANALYZER_NONNULL = YES;
				CLANG_ANALYZER_NUMBER_OBJECT_CONVERSION = YES_AGGRESSIVE;
				CLANG_CXX_LANGUAGE_STANDARD = "gnu++17";
				CLANG_ENABLE_MODULES = YES;
				CLANG_ENABLE_OBJC_ARC = YES;
				CLANG_ENABLE_OBJC_WEAK = YES;
				CLANG_WARN_BLOCK_CAPTURE_AUTORELEASING = YES;
				CLANG_WARN_BOOL_CONVERSION = YES;
				CLANG_WARN_COMMA = YES;
				CLANG_WARN_CONSTANT_CONVERSION = YES;
				CLANG_WARN_DEPRECATED_OBJC_IMPLEMENTATIONS = YES;
				CLANG_WARN_DIRECT_OBJC_ISA_USAGE = YES_ERROR;
				CLANG_WARN_DOCUMENTATION_COMMENTS = YES;
				CLANG_WARN_EMPTY_BODY = YES;
				CLANG_WARN_ENUM_CONVERSION = YES;
				CLANG_WARN_INFINITE_RECURSION = YES;
				CLANG_WARN_INT_CONVERSION = YES;
				CLANG_WARN_NON_LITERAL_NULL_CONVERSION = YES;
				CLANG_WARN_OBJC_IMPLICIT_RETAIN_SELF = YES;
				CLANG_WARN_OBJC_LITERAL_CONVERSION = YES;
				CLANG_WARN_OBJC_ROOT_CLASS = YES_ERROR;
				CLANG_WARN_QUOTED_INCLUDE_IN_FRAMEWORK_HEADER = YES;
				CLANG_WARN_RANGE_LOOP_ANALYSIS = YES;
				CLANG_WARN_STRICT_PROTOTYPES = YES;
				CLANG_WARN_SUSPICIOUS_MOVE = YES;
				CLANG_WARN_UNGUARDED_AVAILABILITY = YES_AGGRESSIVE;
				CLANG_WARN_UNREACHABLE_CODE = YES;
				CLANG_WARN__DUPLICATE_METHOD_MATCH = YES;
				COPY_PHASE_STRIP = NO;
				DEAD_CODE_STRIPPING = YES;
				DEBUG_INFORMATION_FORMAT = dwarf;
				ENABLE_STRICT_OBJC_MSGSEND = YES;
				ENABLE_TESTABILITY = YES;
				GCC_C_LANGUAGE_STANDARD = gnu11;
				GCC_DYNAMIC_NO_PIC = NO;
				GCC_NO_COMMON_BLOCKS = YES;
				GCC_OPTIMIZATION_LEVEL = 0;
				GCC_PREPROCESSOR_DEFINITIONS = (
					"DEBUG=1",
					"$(inherited)",
				);
				GCC_WARN_64_TO_32_BIT_CONVERSION = YES;
				GCC_WARN_ABOUT_RETURN_TYPE = YES_ERROR;
				GCC_WARN_UNDECLARED_SELECTOR = YES;
				GCC_WARN_UNINITIALIZED_AUTOS = YES_AGGRESSIVE;
				GCC_WARN_UNUSED_FUNCTION = YES;
				GCC_WARN_UNUSED_VARIABLE = YES;
				MACOSX_DEPLOYMENT_TARGET = 12.3;
				MTL_ENABLE_DEBUG_INFO = INCLUDE_SOURCE;
				MTL_FAST_MATH = YES;
				ONLY_ACTIVE_ARCH = YES;
				SDKROOT = macosx;
				SWIFT_ACTIVE_COMPILATION_CONDITIONS = DEBUG;
				SWIFT_OPTIMIZATION_LEVEL = "-Onone";
			};
			name = "Development Debug";
		};
		7948AA5E28CF93F7003DB5E2 /* Development Debug */ = {
			isa = XCBuildConfiguration;
			buildSettings = {
				ASSETCATALOG_COMPILER_APPICON_NAME = AppIcon;
				ASSETCATALOG_COMPILER_GLOBAL_ACCENT_COLOR_NAME = AccentColor;
				CODE_SIGN_ENTITLEMENTS = Converter/Converter.entitlements;
				CODE_SIGN_IDENTITY = "-";
				"CODE_SIGN_IDENTITY[sdk=macosx*]" = "Apple Development";
				CODE_SIGN_STYLE = Automatic;
				COMBINE_HIDPI_IMAGES = YES;
				CURRENT_PROJECT_VERSION = 36;
				DEAD_CODE_STRIPPING = YES;
				DEVELOPMENT_TEAM = 85N3S3DG8M;
				ENABLE_HARDENED_RUNTIME = YES;
				GENERATE_INFOPLIST_FILE = YES;
				INFOPLIST_FILE = Converter/Info.plist;
				INFOPLIST_KEY_LSApplicationCategoryType = "public.app-category.utilities";
				INFOPLIST_KEY_NSHumanReadableCopyright = "Justin Bush & Francesco Virga";
				INFOPLIST_KEY_NSMainStoryboardFile = Main;
				INFOPLIST_KEY_NSPrincipalClass = NSApplication;
				LD_RUNPATH_SEARCH_PATHS = (
					"$(inherited)",
					"@executable_path/../Frameworks",
				);
				MACOSX_DEPLOYMENT_TARGET = 10.15;
				MARKETING_VERSION = 1.1.4;
				PRODUCT_BUNDLE_IDENTIFIER = io.airtv.Converter;
				PRODUCT_NAME = "Video Converter";
				SWIFT_EMIT_LOC_STRINGS = YES;
				SWIFT_VERSION = 5.0;
			};
			name = "Development Debug";
		};
		7948AA5F28CF93F9003DB5E2 /* Development Release */ = {
			isa = XCBuildConfiguration;
			buildSettings = {
				ALWAYS_SEARCH_USER_PATHS = NO;
				CLANG_ANALYZER_NONNULL = YES;
				CLANG_ANALYZER_NUMBER_OBJECT_CONVERSION = YES_AGGRESSIVE;
				CLANG_CXX_LANGUAGE_STANDARD = "gnu++17";
				CLANG_ENABLE_MODULES = YES;
				CLANG_ENABLE_OBJC_ARC = YES;
				CLANG_ENABLE_OBJC_WEAK = YES;
				CLANG_WARN_BLOCK_CAPTURE_AUTORELEASING = YES;
				CLANG_WARN_BOOL_CONVERSION = YES;
				CLANG_WARN_COMMA = YES;
				CLANG_WARN_CONSTANT_CONVERSION = YES;
				CLANG_WARN_DEPRECATED_OBJC_IMPLEMENTATIONS = YES;
				CLANG_WARN_DIRECT_OBJC_ISA_USAGE = YES_ERROR;
				CLANG_WARN_DOCUMENTATION_COMMENTS = YES;
				CLANG_WARN_EMPTY_BODY = YES;
				CLANG_WARN_ENUM_CONVERSION = YES;
				CLANG_WARN_INFINITE_RECURSION = YES;
				CLANG_WARN_INT_CONVERSION = YES;
				CLANG_WARN_NON_LITERAL_NULL_CONVERSION = YES;
				CLANG_WARN_OBJC_IMPLICIT_RETAIN_SELF = YES;
				CLANG_WARN_OBJC_LITERAL_CONVERSION = YES;
				CLANG_WARN_OBJC_ROOT_CLASS = YES_ERROR;
				CLANG_WARN_QUOTED_INCLUDE_IN_FRAMEWORK_HEADER = YES;
				CLANG_WARN_RANGE_LOOP_ANALYSIS = YES;
				CLANG_WARN_STRICT_PROTOTYPES = YES;
				CLANG_WARN_SUSPICIOUS_MOVE = YES;
				CLANG_WARN_UNGUARDED_AVAILABILITY = YES_AGGRESSIVE;
				CLANG_WARN_UNREACHABLE_CODE = YES;
				CLANG_WARN__DUPLICATE_METHOD_MATCH = YES;
				COPY_PHASE_STRIP = NO;
				DEAD_CODE_STRIPPING = YES;
				DEBUG_INFORMATION_FORMAT = "dwarf-with-dsym";
				ENABLE_NS_ASSERTIONS = NO;
				ENABLE_STRICT_OBJC_MSGSEND = YES;
				ENABLE_TESTABILITY = YES;
				GCC_C_LANGUAGE_STANDARD = gnu11;
				GCC_NO_COMMON_BLOCKS = YES;
				GCC_WARN_64_TO_32_BIT_CONVERSION = YES;
				GCC_WARN_ABOUT_RETURN_TYPE = YES_ERROR;
				GCC_WARN_UNDECLARED_SELECTOR = YES;
				GCC_WARN_UNINITIALIZED_AUTOS = YES_AGGRESSIVE;
				GCC_WARN_UNUSED_FUNCTION = YES;
				GCC_WARN_UNUSED_VARIABLE = YES;
				MACOSX_DEPLOYMENT_TARGET = 12.3;
				MTL_ENABLE_DEBUG_INFO = NO;
				MTL_FAST_MATH = YES;
				ONLY_ACTIVE_ARCH = YES;
				SDKROOT = macosx;
				SWIFT_COMPILATION_MODE = wholemodule;
				SWIFT_OPTIMIZATION_LEVEL = "-O";
			};
			name = "Development Release";
		};
		7948AA6028CF93F9003DB5E2 /* Development Release */ = {
			isa = XCBuildConfiguration;
			buildSettings = {
				ASSETCATALOG_COMPILER_APPICON_NAME = AppIcon;
				ASSETCATALOG_COMPILER_GLOBAL_ACCENT_COLOR_NAME = AccentColor;
				CODE_SIGN_ENTITLEMENTS = Converter/Converter.entitlements;
				CODE_SIGN_IDENTITY = "-";
				"CODE_SIGN_IDENTITY[sdk=macosx*]" = "Apple Development";
				CODE_SIGN_STYLE = Automatic;
				COMBINE_HIDPI_IMAGES = YES;
				CURRENT_PROJECT_VERSION = 36;
				DEAD_CODE_STRIPPING = YES;
				DEVELOPMENT_TEAM = 85N3S3DG8M;
				ENABLE_HARDENED_RUNTIME = YES;
				GENERATE_INFOPLIST_FILE = YES;
				INFOPLIST_FILE = Converter/Info.plist;
				INFOPLIST_KEY_LSApplicationCategoryType = "public.app-category.utilities";
				INFOPLIST_KEY_NSHumanReadableCopyright = "Justin Bush & Francesco Virga";
				INFOPLIST_KEY_NSMainStoryboardFile = Main;
				INFOPLIST_KEY_NSPrincipalClass = NSApplication;
				LD_RUNPATH_SEARCH_PATHS = (
					"$(inherited)",
					"@executable_path/../Frameworks",
				);
				MACOSX_DEPLOYMENT_TARGET = 10.15;
				MARKETING_VERSION = 1.1.4;
				PRODUCT_BUNDLE_IDENTIFIER = io.airtv.Converter;
				PRODUCT_NAME = "Video Converter";
				SWIFT_EMIT_LOC_STRINGS = YES;
				SWIFT_VERSION = 5.0;
			};
			name = "Development Release";
		};
		C2D33F5028A950BF00BDCCD4 /* Production Debug */ = {
			isa = XCBuildConfiguration;
			buildSettings = {
				ALWAYS_SEARCH_USER_PATHS = NO;
				CLANG_ANALYZER_NONNULL = YES;
				CLANG_ANALYZER_NUMBER_OBJECT_CONVERSION = YES_AGGRESSIVE;
				CLANG_CXX_LANGUAGE_STANDARD = "gnu++17";
				CLANG_ENABLE_MODULES = YES;
				CLANG_ENABLE_OBJC_ARC = YES;
				CLANG_ENABLE_OBJC_WEAK = YES;
				CLANG_WARN_BLOCK_CAPTURE_AUTORELEASING = YES;
				CLANG_WARN_BOOL_CONVERSION = YES;
				CLANG_WARN_COMMA = YES;
				CLANG_WARN_CONSTANT_CONVERSION = YES;
				CLANG_WARN_DEPRECATED_OBJC_IMPLEMENTATIONS = YES;
				CLANG_WARN_DIRECT_OBJC_ISA_USAGE = YES_ERROR;
				CLANG_WARN_DOCUMENTATION_COMMENTS = YES;
				CLANG_WARN_EMPTY_BODY = YES;
				CLANG_WARN_ENUM_CONVERSION = YES;
				CLANG_WARN_INFINITE_RECURSION = YES;
				CLANG_WARN_INT_CONVERSION = YES;
				CLANG_WARN_NON_LITERAL_NULL_CONVERSION = YES;
				CLANG_WARN_OBJC_IMPLICIT_RETAIN_SELF = YES;
				CLANG_WARN_OBJC_LITERAL_CONVERSION = YES;
				CLANG_WARN_OBJC_ROOT_CLASS = YES_ERROR;
				CLANG_WARN_QUOTED_INCLUDE_IN_FRAMEWORK_HEADER = YES;
				CLANG_WARN_RANGE_LOOP_ANALYSIS = YES;
				CLANG_WARN_STRICT_PROTOTYPES = YES;
				CLANG_WARN_SUSPICIOUS_MOVE = YES;
				CLANG_WARN_UNGUARDED_AVAILABILITY = YES_AGGRESSIVE;
				CLANG_WARN_UNREACHABLE_CODE = YES;
				CLANG_WARN__DUPLICATE_METHOD_MATCH = YES;
				COPY_PHASE_STRIP = NO;
				DEAD_CODE_STRIPPING = YES;
				DEBUG_INFORMATION_FORMAT = dwarf;
				ENABLE_STRICT_OBJC_MSGSEND = YES;
				ENABLE_TESTABILITY = YES;
				GCC_C_LANGUAGE_STANDARD = gnu11;
				GCC_DYNAMIC_NO_PIC = NO;
				GCC_NO_COMMON_BLOCKS = YES;
				GCC_OPTIMIZATION_LEVEL = 0;
				GCC_PREPROCESSOR_DEFINITIONS = (
					"DEBUG=1",
					"$(inherited)",
				);
				GCC_WARN_64_TO_32_BIT_CONVERSION = YES;
				GCC_WARN_ABOUT_RETURN_TYPE = YES_ERROR;
				GCC_WARN_UNDECLARED_SELECTOR = YES;
				GCC_WARN_UNINITIALIZED_AUTOS = YES_AGGRESSIVE;
				GCC_WARN_UNUSED_FUNCTION = YES;
				GCC_WARN_UNUSED_VARIABLE = YES;
				MACOSX_DEPLOYMENT_TARGET = 12.3;
				MTL_ENABLE_DEBUG_INFO = INCLUDE_SOURCE;
				MTL_FAST_MATH = YES;
				ONLY_ACTIVE_ARCH = YES;
				SDKROOT = macosx;
				SWIFT_ACTIVE_COMPILATION_CONDITIONS = DEBUG;
				SWIFT_OPTIMIZATION_LEVEL = "-Onone";
			};
			name = "Production Debug";
		};
		C2D33F5128A950BF00BDCCD4 /* Production Release */ = {
			isa = XCBuildConfiguration;
			buildSettings = {
				ALWAYS_SEARCH_USER_PATHS = NO;
				CLANG_ANALYZER_NONNULL = YES;
				CLANG_ANALYZER_NUMBER_OBJECT_CONVERSION = YES_AGGRESSIVE;
				CLANG_CXX_LANGUAGE_STANDARD = "gnu++17";
				CLANG_ENABLE_MODULES = YES;
				CLANG_ENABLE_OBJC_ARC = YES;
				CLANG_ENABLE_OBJC_WEAK = YES;
				CLANG_WARN_BLOCK_CAPTURE_AUTORELEASING = YES;
				CLANG_WARN_BOOL_CONVERSION = YES;
				CLANG_WARN_COMMA = YES;
				CLANG_WARN_CONSTANT_CONVERSION = YES;
				CLANG_WARN_DEPRECATED_OBJC_IMPLEMENTATIONS = YES;
				CLANG_WARN_DIRECT_OBJC_ISA_USAGE = YES_ERROR;
				CLANG_WARN_DOCUMENTATION_COMMENTS = YES;
				CLANG_WARN_EMPTY_BODY = YES;
				CLANG_WARN_ENUM_CONVERSION = YES;
				CLANG_WARN_INFINITE_RECURSION = YES;
				CLANG_WARN_INT_CONVERSION = YES;
				CLANG_WARN_NON_LITERAL_NULL_CONVERSION = YES;
				CLANG_WARN_OBJC_IMPLICIT_RETAIN_SELF = YES;
				CLANG_WARN_OBJC_LITERAL_CONVERSION = YES;
				CLANG_WARN_OBJC_ROOT_CLASS = YES_ERROR;
				CLANG_WARN_QUOTED_INCLUDE_IN_FRAMEWORK_HEADER = YES;
				CLANG_WARN_RANGE_LOOP_ANALYSIS = YES;
				CLANG_WARN_STRICT_PROTOTYPES = YES;
				CLANG_WARN_SUSPICIOUS_MOVE = YES;
				CLANG_WARN_UNGUARDED_AVAILABILITY = YES_AGGRESSIVE;
				CLANG_WARN_UNREACHABLE_CODE = YES;
				CLANG_WARN__DUPLICATE_METHOD_MATCH = YES;
				COPY_PHASE_STRIP = NO;
				DEAD_CODE_STRIPPING = YES;
				DEBUG_INFORMATION_FORMAT = "dwarf-with-dsym";
				ENABLE_NS_ASSERTIONS = NO;
				ENABLE_STRICT_OBJC_MSGSEND = YES;
				GCC_C_LANGUAGE_STANDARD = gnu11;
				GCC_NO_COMMON_BLOCKS = YES;
				GCC_WARN_64_TO_32_BIT_CONVERSION = YES;
				GCC_WARN_ABOUT_RETURN_TYPE = YES_ERROR;
				GCC_WARN_UNDECLARED_SELECTOR = YES;
				GCC_WARN_UNINITIALIZED_AUTOS = YES_AGGRESSIVE;
				GCC_WARN_UNUSED_FUNCTION = YES;
				GCC_WARN_UNUSED_VARIABLE = YES;
				MACOSX_DEPLOYMENT_TARGET = 12.3;
				MTL_ENABLE_DEBUG_INFO = NO;
				MTL_FAST_MATH = YES;
				SDKROOT = macosx;
				SWIFT_COMPILATION_MODE = wholemodule;
				SWIFT_OPTIMIZATION_LEVEL = "-O";
			};
			name = "Production Release";
		};
		C2D33F5328A950BF00BDCCD4 /* Production Debug */ = {
			isa = XCBuildConfiguration;
			buildSettings = {
				ASSETCATALOG_COMPILER_APPICON_NAME = AppIcon;
				ASSETCATALOG_COMPILER_GLOBAL_ACCENT_COLOR_NAME = AccentColor;
				CODE_SIGN_ENTITLEMENTS = Converter/Converter.entitlements;
				CODE_SIGN_IDENTITY = "-";
				"CODE_SIGN_IDENTITY[sdk=macosx*]" = "Apple Development";
				CODE_SIGN_STYLE = Automatic;
				COMBINE_HIDPI_IMAGES = YES;
				CURRENT_PROJECT_VERSION = 36;
				DEAD_CODE_STRIPPING = YES;
				DEVELOPMENT_TEAM = 85N3S3DG8M;
				ENABLE_HARDENED_RUNTIME = YES;
				GENERATE_INFOPLIST_FILE = YES;
				INFOPLIST_FILE = Converter/Info.plist;
				INFOPLIST_KEY_LSApplicationCategoryType = "public.app-category.utilities";
				INFOPLIST_KEY_NSHumanReadableCopyright = "Justin Bush & Francesco Virga";
				INFOPLIST_KEY_NSMainStoryboardFile = Main;
				INFOPLIST_KEY_NSPrincipalClass = NSApplication;
				LD_RUNPATH_SEARCH_PATHS = (
					"$(inherited)",
					"@executable_path/../Frameworks",
				);
				MACOSX_DEPLOYMENT_TARGET = 10.15;
				MARKETING_VERSION = 1.1.4;
				PRODUCT_BUNDLE_IDENTIFIER = io.airtv.Converter;
				PRODUCT_NAME = "Video Converter";
				SWIFT_EMIT_LOC_STRINGS = YES;
				SWIFT_VERSION = 5.0;
			};
			name = "Production Debug";
		};
		C2D33F5428A950BF00BDCCD4 /* Production Release */ = {
			isa = XCBuildConfiguration;
			buildSettings = {
				ASSETCATALOG_COMPILER_APPICON_NAME = AppIcon;
				ASSETCATALOG_COMPILER_GLOBAL_ACCENT_COLOR_NAME = AccentColor;
				CODE_SIGN_ENTITLEMENTS = Converter/Converter.entitlements;
				CODE_SIGN_IDENTITY = "-";
				"CODE_SIGN_IDENTITY[sdk=macosx*]" = "Apple Development";
				CODE_SIGN_STYLE = Automatic;
				COMBINE_HIDPI_IMAGES = YES;
				CURRENT_PROJECT_VERSION = 36;
				DEAD_CODE_STRIPPING = YES;
				DEVELOPMENT_TEAM = 85N3S3DG8M;
				ENABLE_HARDENED_RUNTIME = YES;
				GENERATE_INFOPLIST_FILE = YES;
				INFOPLIST_FILE = Converter/Info.plist;
				INFOPLIST_KEY_LSApplicationCategoryType = "public.app-category.utilities";
				INFOPLIST_KEY_NSHumanReadableCopyright = "Justin Bush & Francesco Virga";
				INFOPLIST_KEY_NSMainStoryboardFile = Main;
				INFOPLIST_KEY_NSPrincipalClass = NSApplication;
				LD_RUNPATH_SEARCH_PATHS = (
					"$(inherited)",
					"@executable_path/../Frameworks",
				);
				MACOSX_DEPLOYMENT_TARGET = 10.15;
				MARKETING_VERSION = 1.1.4;
				PRODUCT_BUNDLE_IDENTIFIER = io.airtv.Converter;
				PRODUCT_NAME = "Video Converter";
				SWIFT_EMIT_LOC_STRINGS = YES;
				SWIFT_VERSION = 5.0;
			};
			name = "Production Release";
		};
/* End XCBuildConfiguration section */

/* Begin XCConfigurationList section */
		C2D33F3E28A950BA00BDCCD4 /* Build configuration list for PBXProject "Converter" */ = {
			isa = XCConfigurationList;
			buildConfigurations = (
				C2D33F5028A950BF00BDCCD4 /* Production Debug */,
				7948AA5D28CF93F7003DB5E2 /* Development Debug */,
				C2D33F5128A950BF00BDCCD4 /* Production Release */,
				7948AA5F28CF93F9003DB5E2 /* Development Release */,
			);
			defaultConfigurationIsVisible = 0;
			defaultConfigurationName = "Production Release";
		};
		C2D33F5228A950BF00BDCCD4 /* Build configuration list for PBXNativeTarget "Converter" */ = {
			isa = XCConfigurationList;
			buildConfigurations = (
				C2D33F5328A950BF00BDCCD4 /* Production Debug */,
				7948AA5E28CF93F7003DB5E2 /* Development Debug */,
				C2D33F5428A950BF00BDCCD4 /* Production Release */,
				7948AA6028CF93F9003DB5E2 /* Development Release */,
			);
			defaultConfigurationIsVisible = 0;
			defaultConfigurationName = "Production Release";
		};
/* End XCConfigurationList section */
	};
	rootObject = C2D33F3B28A950BA00BDCCD4 /* Project object */;
}
