// !$*UTF8*$!
{
	archiveVersion = 1;
	classes = {
	};
	objectVersion = 55;
	objects = {

/* Begin PBXBuildFile section */
		7276E2AD59F051AC37D5947A /* Pods_Converter.framework in Frameworks */ = {isa = PBXBuildFile; fileRef = F810C5C80FA22868AF150923 /* Pods_Converter.framework */; };
		7908E48728AAAFB500B02512 /* Conversion.swift in Sources */ = {isa = PBXBuildFile; fileRef = 7908E48628AAAFB500B02512 /* Conversion.swift */; };
		794BE83428B3D0030074E40C /* VideoCodec.swift in Sources */ = {isa = PBXBuildFile; fileRef = 794BE83328B3D0030074E40C /* VideoCodec.swift */; };
		C2D33F4728A950BA00BDCCD4 /* AppDelegate.swift in Sources */ = {isa = PBXBuildFile; fileRef = C2D33F4628A950BA00BDCCD4 /* AppDelegate.swift */; };
		C2D33F4928A950BA00BDCCD4 /* ViewController.swift in Sources */ = {isa = PBXBuildFile; fileRef = C2D33F4828A950BA00BDCCD4 /* ViewController.swift */; };
		C2D33F4B28A950BF00BDCCD4 /* Assets.xcassets in Resources */ = {isa = PBXBuildFile; fileRef = C2D33F4A28A950BF00BDCCD4 /* Assets.xcassets */; };
		C2D33F4E28A950BF00BDCCD4 /* Main.storyboard in Resources */ = {isa = PBXBuildFile; fileRef = C2D33F4C28A950BF00BDCCD4 /* Main.storyboard */; };
		C2D33F5728A97E2000BDCCD4 /* VideoFormat.swift in Sources */ = {isa = PBXBuildFile; fileRef = C2D33F5628A97E2000BDCCD4 /* VideoFormat.swift */; };
		C2DC46A028AC1BB300EDD3EB /* DragDropView.swift in Sources */ = {isa = PBXBuildFile; fileRef = C2DC469F28AC1BB300EDD3EB /* DragDropView.swift */; };
		C2DC46A228AD618500EDD3EB /* DragDropBox.swift in Sources */ = {isa = PBXBuildFile; fileRef = C2DC46A128AD618500EDD3EB /* DragDropBox.swift */; };
/* End PBXBuildFile section */

/* Begin PBXFileReference section */
		1E6BC34F0A1BE18A67D11155 /* Pods-Converter.release.xcconfig */ = {isa = PBXFileReference; includeInIndex = 1; lastKnownFileType = text.xcconfig; name = "Pods-Converter.release.xcconfig"; path = "Target Support Files/Pods-Converter/Pods-Converter.release.xcconfig"; sourceTree = "<group>"; };
		7908E48628AAAFB500B02512 /* Conversion.swift */ = {isa = PBXFileReference; lastKnownFileType = sourcecode.swift; path = Conversion.swift; sourceTree = "<group>"; };
		794BE83328B3D0030074E40C /* VideoCodec.swift */ = {isa = PBXFileReference; lastKnownFileType = sourcecode.swift; path = VideoCodec.swift; sourceTree = "<group>"; };
		C2D33F4328A950BA00BDCCD4 /* Converter.app */ = {isa = PBXFileReference; explicitFileType = wrapper.application; includeInIndex = 0; path = Converter.app; sourceTree = BUILT_PRODUCTS_DIR; };
		C2D33F4628A950BA00BDCCD4 /* AppDelegate.swift */ = {isa = PBXFileReference; lastKnownFileType = sourcecode.swift; path = AppDelegate.swift; sourceTree = "<group>"; };
		C2D33F4828A950BA00BDCCD4 /* ViewController.swift */ = {isa = PBXFileReference; lastKnownFileType = sourcecode.swift; path = ViewController.swift; sourceTree = "<group>"; };
		C2D33F4A28A950BF00BDCCD4 /* Assets.xcassets */ = {isa = PBXFileReference; lastKnownFileType = folder.assetcatalog; path = Assets.xcassets; sourceTree = "<group>"; };
		C2D33F4D28A950BF00BDCCD4 /* Base */ = {isa = PBXFileReference; lastKnownFileType = file.storyboard; name = Base; path = Base.lproj/Main.storyboard; sourceTree = "<group>"; };
		C2D33F4F28A950BF00BDCCD4 /* Converter.entitlements */ = {isa = PBXFileReference; lastKnownFileType = text.plist.entitlements; path = Converter.entitlements; sourceTree = "<group>"; };
		C2D33F5628A97E2000BDCCD4 /* VideoFormat.swift */ = {isa = PBXFileReference; lastKnownFileType = sourcecode.swift; path = VideoFormat.swift; sourceTree = "<group>"; };
		C2DC469F28AC1BB300EDD3EB /* DragDropView.swift */ = {isa = PBXFileReference; lastKnownFileType = sourcecode.swift; path = DragDropView.swift; sourceTree = "<group>"; };
		C2DC46A128AD618500EDD3EB /* DragDropBox.swift */ = {isa = PBXFileReference; lastKnownFileType = sourcecode.swift; path = DragDropBox.swift; sourceTree = "<group>"; };
		CE85D4F219590952D3EB64BA /* Pods-Converter.debug.xcconfig */ = {isa = PBXFileReference; includeInIndex = 1; lastKnownFileType = text.xcconfig; name = "Pods-Converter.debug.xcconfig"; path = "Target Support Files/Pods-Converter/Pods-Converter.debug.xcconfig"; sourceTree = "<group>"; };
		F810C5C80FA22868AF150923 /* Pods_Converter.framework */ = {isa = PBXFileReference; explicitFileType = wrapper.framework; includeInIndex = 0; path = Pods_Converter.framework; sourceTree = BUILT_PRODUCTS_DIR; };
/* End PBXFileReference section */

/* Begin PBXFrameworksBuildPhase section */
		C2D33F4028A950BA00BDCCD4 /* Frameworks */ = {
			isa = PBXFrameworksBuildPhase;
			buildActionMask = 2147483647;
			files = (
				7276E2AD59F051AC37D5947A /* Pods_Converter.framework in Frameworks */,
			);
			runOnlyForDeploymentPostprocessing = 0;
		};
/* End PBXFrameworksBuildPhase section */

/* Begin PBXGroup section */
		6D229F0620B0A7B2C18F3390 /* Pods */ = {
			isa = PBXGroup;
			children = (
				CE85D4F219590952D3EB64BA /* Pods-Converter.debug.xcconfig */,
				1E6BC34F0A1BE18A67D11155 /* Pods-Converter.release.xcconfig */,
			);
			path = Pods;
			sourceTree = "<group>";
		};
		C2D33F3A28A950BA00BDCCD4 = {
			isa = PBXGroup;
			children = (
				C2D33F4528A950BA00BDCCD4 /* Converter */,
				C2D33F4428A950BA00BDCCD4 /* Products */,
				6D229F0620B0A7B2C18F3390 /* Pods */,
				D5F2785EA79D681D546BD992 /* Frameworks */,
			);
			sourceTree = "<group>";
		};
		C2D33F4428A950BA00BDCCD4 /* Products */ = {
			isa = PBXGroup;
			children = (
				C2D33F4328A950BA00BDCCD4 /* Converter.app */,
			);
			name = Products;
			sourceTree = "<group>";
		};
		C2D33F4528A950BA00BDCCD4 /* Converter */ = {
			isa = PBXGroup;
			children = (
				C2D33F4628A950BA00BDCCD4 /* AppDelegate.swift */,
				C2D33F4828A950BA00BDCCD4 /* ViewController.swift */,
				C2DC469E28AC1B9800EDD3EB /* Views */,
				C2D33F5528A97DEA00BDCCD4 /* VideoFormat */,
				C2D33F4A28A950BF00BDCCD4 /* Assets.xcassets */,
				C2D33F4C28A950BF00BDCCD4 /* Main.storyboard */,
				C2D33F4F28A950BF00BDCCD4 /* Converter.entitlements */,
				7908E48628AAAFB500B02512 /* Conversion.swift */,
			);
			path = Converter;
			sourceTree = "<group>";
		};
		C2D33F5528A97DEA00BDCCD4 /* VideoFormat */ = {
			isa = PBXGroup;
			children = (
				C2D33F5628A97E2000BDCCD4 /* VideoFormat.swift */,
				794BE83328B3D0030074E40C /* VideoCodec.swift */,
			);
			path = VideoFormat;
			sourceTree = "<group>";
		};
		C2DC469E28AC1B9800EDD3EB /* Views */ = {
			isa = PBXGroup;
			children = (
				C2DC469F28AC1BB300EDD3EB /* DragDropView.swift */,
				C2DC46A128AD618500EDD3EB /* DragDropBox.swift */,
			);
			path = Views;
			sourceTree = "<group>";
		};
		D5F2785EA79D681D546BD992 /* Frameworks */ = {
			isa = PBXGroup;
			children = (
				F810C5C80FA22868AF150923 /* Pods_Converter.framework */,
			);
			name = Frameworks;
			sourceTree = "<group>";
		};
/* End PBXGroup section */

/* Begin PBXNativeTarget section */
		C2D33F4228A950BA00BDCCD4 /* Converter */ = {
			isa = PBXNativeTarget;
			buildConfigurationList = C2D33F5228A950BF00BDCCD4 /* Build configuration list for PBXNativeTarget "Converter" */;
			buildPhases = (
				5BD4879ABD71F0719FE466FD /* [CP] Check Pods Manifest.lock */,
				C2D33F3F28A950BA00BDCCD4 /* Sources */,
				C2D33F4028A950BA00BDCCD4 /* Frameworks */,
				C2D33F4128A950BA00BDCCD4 /* Resources */,
				A36BCEAA0D3A0E712CD5BB3A /* [CP] Embed Pods Frameworks */,
			);
			buildRules = (
			);
			dependencies = (
			);
			name = Converter;
			productName = Converter;
			productReference = C2D33F4328A950BA00BDCCD4 /* Converter.app */;
			productType = "com.apple.product-type.application";
		};
/* End PBXNativeTarget section */

/* Begin PBXProject section */
		C2D33F3B28A950BA00BDCCD4 /* Project object */ = {
			isa = PBXProject;
			attributes = {
				BuildIndependentTargetsInParallel = 1;
				LastSwiftUpdateCheck = 1340;
				LastUpgradeCheck = 1340;
				TargetAttributes = {
					C2D33F4228A950BA00BDCCD4 = {
						CreatedOnToolsVersion = 13.4.1;
					};
				};
			};
			buildConfigurationList = C2D33F3E28A950BA00BDCCD4 /* Build configuration list for PBXProject "Converter" */;
			compatibilityVersion = "Xcode 13.0";
			developmentRegion = en;
			hasScannedForEncodings = 0;
			knownRegions = (
				en,
				Base,
			);
			mainGroup = C2D33F3A28A950BA00BDCCD4;
			productRefGroup = C2D33F4428A950BA00BDCCD4 /* Products */;
			projectDirPath = "";
			projectRoot = "";
			targets = (
				C2D33F4228A950BA00BDCCD4 /* Converter */,
			);
		};
/* End PBXProject section */

/* Begin PBXResourcesBuildPhase section */
		C2D33F4128A950BA00BDCCD4 /* Resources */ = {
			isa = PBXResourcesBuildPhase;
			buildActionMask = 2147483647;
			files = (
				C2D33F4B28A950BF00BDCCD4 /* Assets.xcassets in Resources */,
				C2D33F4E28A950BF00BDCCD4 /* Main.storyboard in Resources */,
			);
			runOnlyForDeploymentPostprocessing = 0;
		};
/* End PBXResourcesBuildPhase section */

/* Begin PBXShellScriptBuildPhase section */
		5BD4879ABD71F0719FE466FD /* [CP] Check Pods Manifest.lock */ = {
			isa = PBXShellScriptBuildPhase;
			buildActionMask = 2147483647;
			files = (
			);
			inputFileListPaths = (
			);
			inputPaths = (
				"${PODS_PODFILE_DIR_PATH}/Podfile.lock",
				"${PODS_ROOT}/Manifest.lock",
			);
			name = "[CP] Check Pods Manifest.lock";
			outputFileListPaths = (
			);
			outputPaths = (
				"$(DERIVED_FILE_DIR)/Pods-Converter-checkManifestLockResult.txt",
			);
			runOnlyForDeploymentPostprocessing = 0;
			shellPath = /bin/sh;
			shellScript = "diff \"${PODS_PODFILE_DIR_PATH}/Podfile.lock\" \"${PODS_ROOT}/Manifest.lock\" > /dev/null\nif [ $? != 0 ] ; then\n    # print error to STDERR\n    echo \"error: The sandbox is not in sync with the Podfile.lock. Run 'pod install' or update your CocoaPods installation.\" >&2\n    exit 1\nfi\n# This output is used by Xcode 'outputs' to avoid re-running this script phase.\necho \"SUCCESS\" > \"${SCRIPT_OUTPUT_FILE_0}\"\n";
			showEnvVarsInLog = 0;
		};
		A36BCEAA0D3A0E712CD5BB3A /* [CP] Embed Pods Frameworks */ = {
			isa = PBXShellScriptBuildPhase;
			buildActionMask = 2147483647;
			files = (
			);
			inputFileListPaths = (
				"${PODS_ROOT}/Target Support Files/Pods-Converter/Pods-Converter-frameworks-${CONFIGURATION}-input-files.xcfilelist",
			);
			name = "[CP] Embed Pods Frameworks";
			outputFileListPaths = (
				"${PODS_ROOT}/Target Support Files/Pods-Converter/Pods-Converter-frameworks-${CONFIGURATION}-output-files.xcfilelist",
			);
			runOnlyForDeploymentPostprocessing = 0;
			shellPath = /bin/sh;
			shellScript = "\"${PODS_ROOT}/Target Support Files/Pods-Converter/Pods-Converter-frameworks.sh\"\n";
			showEnvVarsInLog = 0;
		};
/* End PBXShellScriptBuildPhase section */

/* Begin PBXSourcesBuildPhase section */
		C2D33F3F28A950BA00BDCCD4 /* Sources */ = {
			isa = PBXSourcesBuildPhase;
			buildActionMask = 2147483647;
			files = (
				C2DC46A028AC1BB300EDD3EB /* DragDropView.swift in Sources */,
				C2D33F4928A950BA00BDCCD4 /* ViewController.swift in Sources */,
				7908E48728AAAFB500B02512 /* Conversion.swift in Sources */,
				C2D33F5728A97E2000BDCCD4 /* VideoFormat.swift in Sources */,
				C2DC46A228AD618500EDD3EB /* DragDropBox.swift in Sources */,
				C2D33F4728A950BA00BDCCD4 /* AppDelegate.swift in Sources */,
				794BE83428B3D0030074E40C /* VideoCodec.swift in Sources */,
			);
			runOnlyForDeploymentPostprocessing = 0;
		};
/* End PBXSourcesBuildPhase section */

/* Begin PBXVariantGroup section */
		C2D33F4C28A950BF00BDCCD4 /* Main.storyboard */ = {
			isa = PBXVariantGroup;
			children = (
				C2D33F4D28A950BF00BDCCD4 /* Base */,
			);
			name = Main.storyboard;
			sourceTree = "<group>";
		};
/* End PBXVariantGroup section */

/* Begin XCBuildConfiguration section */
		C2D33F5028A950BF00BDCCD4 /* Debug */ = {
			isa = XCBuildConfiguration;
			buildSettings = {
				ALWAYS_SEARCH_USER_PATHS = NO;
				CLANG_ANALYZER_NONNULL = YES;
				CLANG_ANALYZER_NUMBER_OBJECT_CONVERSION = YES_AGGRESSIVE;
				CLANG_CXX_LANGUAGE_STANDARD = "gnu++17";
				CLANG_ENABLE_MODULES = YES;
				CLANG_ENABLE_OBJC_ARC = YES;
				CLANG_ENABLE_OBJC_WEAK = YES;
				CLANG_WARN_BLOCK_CAPTURE_AUTORELEASING = YES;
				CLANG_WARN_BOOL_CONVERSION = YES;
				CLANG_WARN_COMMA = YES;
				CLANG_WARN_CONSTANT_CONVERSION = YES;
				CLANG_WARN_DEPRECATED_OBJC_IMPLEMENTATIONS = YES;
				CLANG_WARN_DIRECT_OBJC_ISA_USAGE = YES_ERROR;
				CLANG_WARN_DOCUMENTATION_COMMENTS = YES;
				CLANG_WARN_EMPTY_BODY = YES;
				CLANG_WARN_ENUM_CONVERSION = YES;
				CLANG_WARN_INFINITE_RECURSION = YES;
				CLANG_WARN_INT_CONVERSION = YES;
				CLANG_WARN_NON_LITERAL_NULL_CONVERSION = YES;
				CLANG_WARN_OBJC_IMPLICIT_RETAIN_SELF = YES;
				CLANG_WARN_OBJC_LITERAL_CONVERSION = YES;
				CLANG_WARN_OBJC_ROOT_CLASS = YES_ERROR;
				CLANG_WARN_QUOTED_INCLUDE_IN_FRAMEWORK_HEADER = YES;
				CLANG_WARN_RANGE_LOOP_ANALYSIS = YES;
				CLANG_WARN_STRICT_PROTOTYPES = YES;
				CLANG_WARN_SUSPICIOUS_MOVE = YES;
				CLANG_WARN_UNGUARDED_AVAILABILITY = YES_AGGRESSIVE;
				CLANG_WARN_UNREACHABLE_CODE = YES;
				CLANG_WARN__DUPLICATE_METHOD_MATCH = YES;
				COPY_PHASE_STRIP = NO;
				DEBUG_INFORMATION_FORMAT = dwarf;
				ENABLE_STRICT_OBJC_MSGSEND = YES;
				ENABLE_TESTABILITY = YES;
				GCC_C_LANGUAGE_STANDARD = gnu11;
				GCC_DYNAMIC_NO_PIC = NO;
				GCC_NO_COMMON_BLOCKS = YES;
				GCC_OPTIMIZATION_LEVEL = 0;
				GCC_PREPROCESSOR_DEFINITIONS = (
					"DEBUG=1",
					"$(inherited)",
				);
				GCC_WARN_64_TO_32_BIT_CONVERSION = YES;
				GCC_WARN_ABOUT_RETURN_TYPE = YES_ERROR;
				GCC_WARN_UNDECLARED_SELECTOR = YES;
				GCC_WARN_UNINITIALIZED_AUTOS = YES_AGGRESSIVE;
				GCC_WARN_UNUSED_FUNCTION = YES;
				GCC_WARN_UNUSED_VARIABLE = YES;
				MACOSX_DEPLOYMENT_TARGET = 12.3;
				MTL_ENABLE_DEBUG_INFO = INCLUDE_SOURCE;
				MTL_FAST_MATH = YES;
				ONLY_ACTIVE_ARCH = YES;
				SDKROOT = macosx;
				SWIFT_ACTIVE_COMPILATION_CONDITIONS = DEBUG;
				SWIFT_OPTIMIZATION_LEVEL = "-Onone";
			};
			name = Debug;
		};
		C2D33F5128A950BF00BDCCD4 /* Release */ = {
			isa = XCBuildConfiguration;
			buildSettings = {
				ALWAYS_SEARCH_USER_PATHS = NO;
				CLANG_ANALYZER_NONNULL = YES;
				CLANG_ANALYZER_NUMBER_OBJECT_CONVERSION = YES_AGGRESSIVE;
				CLANG_CXX_LANGUAGE_STANDARD = "gnu++17";
				CLANG_ENABLE_MODULES = YES;
				CLANG_ENABLE_OBJC_ARC = YES;
				CLANG_ENABLE_OBJC_WEAK = YES;
				CLANG_WARN_BLOCK_CAPTURE_AUTORELEASING = YES;
				CLANG_WARN_BOOL_CONVERSION = YES;
				CLANG_WARN_COMMA = YES;
				CLANG_WARN_CONSTANT_CONVERSION = YES;
				CLANG_WARN_DEPRECATED_OBJC_IMPLEMENTATIONS = YES;
				CLANG_WARN_DIRECT_OBJC_ISA_USAGE = YES_ERROR;
				CLANG_WARN_DOCUMENTATION_COMMENTS = YES;
				CLANG_WARN_EMPTY_BODY = YES;
				CLANG_WARN_ENUM_CONVERSION = YES;
				CLANG_WARN_INFINITE_RECURSION = YES;
				CLANG_WARN_INT_CONVERSION = YES;
				CLANG_WARN_NON_LITERAL_NULL_CONVERSION = YES;
				CLANG_WARN_OBJC_IMPLICIT_RETAIN_SELF = YES;
				CLANG_WARN_OBJC_LITERAL_CONVERSION = YES;
				CLANG_WARN_OBJC_ROOT_CLASS = YES_ERROR;
				CLANG_WARN_QUOTED_INCLUDE_IN_FRAMEWORK_HEADER = YES;
				CLANG_WARN_RANGE_LOOP_ANALYSIS = YES;
				CLANG_WARN_STRICT_PROTOTYPES = YES;
				CLANG_WARN_SUSPICIOUS_MOVE = YES;
				CLANG_WARN_UNGUARDED_AVAILABILITY = YES_AGGRESSIVE;
				CLANG_WARN_UNREACHABLE_CODE = YES;
				CLANG_WARN__DUPLICATE_METHOD_MATCH = YES;
				COPY_PHASE_STRIP = NO;
				DEBUG_INFORMATION_FORMAT = "dwarf-with-dsym";
				ENABLE_NS_ASSERTIONS = NO;
				ENABLE_STRICT_OBJC_MSGSEND = YES;
				GCC_C_LANGUAGE_STANDARD = gnu11;
				GCC_NO_COMMON_BLOCKS = YES;
				GCC_WARN_64_TO_32_BIT_CONVERSION = YES;
				GCC_WARN_ABOUT_RETURN_TYPE = YES_ERROR;
				GCC_WARN_UNDECLARED_SELECTOR = YES;
				GCC_WARN_UNINITIALIZED_AUTOS = YES_AGGRESSIVE;
				GCC_WARN_UNUSED_FUNCTION = YES;
				GCC_WARN_UNUSED_VARIABLE = YES;
				MACOSX_DEPLOYMENT_TARGET = 12.3;
				MTL_ENABLE_DEBUG_INFO = NO;
				MTL_FAST_MATH = YES;
				SDKROOT = macosx;
				SWIFT_COMPILATION_MODE = wholemodule;
				SWIFT_OPTIMIZATION_LEVEL = "-O";
			};
			name = Release;
		};
		C2D33F5328A950BF00BDCCD4 /* Debug */ = {
			isa = XCBuildConfiguration;
			baseConfigurationReference = CE85D4F219590952D3EB64BA /* Pods-Converter.debug.xcconfig */;
			buildSettings = {
				ASSETCATALOG_COMPILER_APPICON_NAME = AppIcon;
				ASSETCATALOG_COMPILER_GLOBAL_ACCENT_COLOR_NAME = AccentColor;
				CODE_SIGN_ENTITLEMENTS = Converter/Converter.entitlements;
				CODE_SIGN_STYLE = Automatic;
				COMBINE_HIDPI_IMAGES = YES;
				CURRENT_PROJECT_VERSION = 1;
				DEVELOPMENT_TEAM = N23ZS9W2Y5;
				ENABLE_HARDENED_RUNTIME = YES;
				GENERATE_INFOPLIST_FILE = YES;
				INFOPLIST_KEY_NSHumanReadableCopyright = "";
				INFOPLIST_KEY_NSMainStoryboardFile = Main;
				INFOPLIST_KEY_NSPrincipalClass = NSApplication;
				LD_RUNPATH_SEARCH_PATHS = (
					"$(inherited)",
					"@executable_path/../Frameworks",
				);
				MACOSX_DEPLOYMENT_TARGET = 10.15;
				MARKETING_VERSION = 1.0;
				PRODUCT_BUNDLE_IDENTIFIER = ca.justinbush.Converter;
				PRODUCT_NAME = "$(TARGET_NAME)";
				SWIFT_EMIT_LOC_STRINGS = YES;
				SWIFT_VERSION = 5.0;
			};
			name = Debug;
		};
		C2D33F5428A950BF00BDCCD4 /* Release */ = {
			isa = XCBuildConfiguration;
			baseConfigurationReference = 1E6BC34F0A1BE18A67D11155 /* Pods-Converter.release.xcconfig */;
			buildSettings = {
				ASSETCATALOG_COMPILER_APPICON_NAME = AppIcon;
				ASSETCATALOG_COMPILER_GLOBAL_ACCENT_COLOR_NAME = AccentColor;
				CODE_SIGN_ENTITLEMENTS = Converter/Converter.entitlements;
				CODE_SIGN_STYLE = Automatic;
				COMBINE_HIDPI_IMAGES = YES;
				CURRENT_PROJECT_VERSION = 1;
				DEVELOPMENT_TEAM = N23ZS9W2Y5;
				ENABLE_HARDENED_RUNTIME = YES;
				GENERATE_INFOPLIST_FILE = YES;
				INFOPLIST_KEY_NSHumanReadableCopyright = "";
				INFOPLIST_KEY_NSMainStoryboardFile = Main;
				INFOPLIST_KEY_NSPrincipalClass = NSApplication;
				LD_RUNPATH_SEARCH_PATHS = (
					"$(inherited)",
					"@executable_path/../Frameworks",
				);
				MACOSX_DEPLOYMENT_TARGET = 10.15;
				MARKETING_VERSION = 1.0;
				PRODUCT_BUNDLE_IDENTIFIER = ca.justinbush.Converter;
				PRODUCT_NAME = "$(TARGET_NAME)";
				SWIFT_EMIT_LOC_STRINGS = YES;
				SWIFT_VERSION = 5.0;
			};
			name = Release;
		};
/* End XCBuildConfiguration section */

/* Begin XCConfigurationList section */
		C2D33F3E28A950BA00BDCCD4 /* Build configuration list for PBXProject "Converter" */ = {
			isa = XCConfigurationList;
			buildConfigurations = (
				C2D33F5028A950BF00BDCCD4 /* Debug */,
				C2D33F5128A950BF00BDCCD4 /* Release */,
			);
			defaultConfigurationIsVisible = 0;
			defaultConfigurationName = Release;
		};
		C2D33F5228A950BF00BDCCD4 /* Build configuration list for PBXNativeTarget "Converter" */ = {
			isa = XCConfigurationList;
			buildConfigurations = (
				C2D33F5328A950BF00BDCCD4 /* Debug */,
				C2D33F5428A950BF00BDCCD4 /* Release */,
			);
			defaultConfigurationIsVisible = 0;
			defaultConfigurationName = Release;
		};
/* End XCConfigurationList section */
	};
	rootObject = C2D33F3B28A950BA00BDCCD4 /* Project object */;
}
